{
  "version": "4",
  "specifiers": {
    "jsr:@std/path@^1.0.8": "1.0.8",
    "jsr:@std/yaml@1.0.5": "1.0.5",
    "npm:ajv@8.17.1": "8.17.1",
    "npm:type-fest@4.37.0": "4.37.0"
  },
  "jsr": {
    "@std/path@1.0.8": {
      "integrity": "548fa456bb6a04d3c1a1e7477986b6cffbce95102d0bb447c67c4ee70e0364be"
    },
    "@std/yaml@1.0.5": {
      "integrity": "71ba3d334305ee2149391931508b2c293a8490f94a337eef3a09cade1a2a2742"
    }
  },
  "npm": {
    "ajv@8.17.1": {
      "integrity": "sha512-B/gBuNg5SiMTrPkC+A2+cW0RszwxYmn6VYxB/inlBStS5nx6xHIt/ehKRhIMhqusl7a8LjQoZnjCs5vhwxOQ1g==",
      "dependencies": [
        "fast-deep-equal",
        "fast-uri",
        "json-schema-traverse",
        "require-from-string"
      ]
    },
    "fast-deep-equal@3.1.3": {
      "integrity": "sha512-f3qQ9oQy9j2AhBe/H9VC91wLmKBCCU/gDOnKNAYG5hswO7BLKj09Hc5HYNz9cGI++xlpDCIgDaitVs03ATR84Q=="
    },
    "fast-uri@3.0.6": {
      "integrity": "sha512-Atfo14OibSv5wAp4VWNsFYE1AchQRTv9cBGWET4pZWHzYshFSS9NQI6I57rdKn9croWVMbYFbLhJ+yJvmZIIHw=="
    },
    "json-schema-traverse@1.0.0": {
      "integrity": "sha512-NM8/P9n3XjXhIZn1lLhkFaACTOURQXjWhV4BA/RnOv8xvgqtqpAX9IO4mRQxSx1Rlo4tqzeqb0sOlruaOy3dug=="
    },
    "require-from-string@2.0.2": {
      "integrity": "sha512-Xf0nWe6RseziFMu+Ap9biiUbmplq6S9/p+7w7YXP/JBHhrUDDUhwa+vANyubuqfZWTveU//DYVGsDG7RKL/vEw=="
    },
    "type-fest@4.37.0": {
      "integrity": "sha512-S/5/0kFftkq27FPNye0XM1e2NsnoD/3FS+pBmbjmmtLT6I+i344KoOf7pvXreaFsDamWeaJX55nczA1m5PsBDg=="
    }
  },
  "remote": {
    "https://deno.land/x/catppuccin_toolbox@deno-lib-v1.1.0/deno-lib/mod.ts": "c72687f31c7267d121441bb872dab08621a679f6b46e59355391b11f8f9dc160",
    "https://deno.land/x/catppuccin_toolbox@deno-lib-v1.1.0/deno-lib/updateReadme.ts": "e349b1c0b2c1d1fc317bbc5b506f733d3c03d48ef26d0d62eafb7cc5141ed492",
    "https://deno.land/x/catppuccin_toolbox@deno-lib-v1.1.0/deno-lib/validateYaml.ts": "b0059c257e4b1ed2471080fa3ae4579e1c9a8eded8e263c61d91dac92101c420",
    "https://raw.githubusercontent.com/catppuccin/userstyles/d068d5d4736ae0581ed22eb01fe530673c706df8/scripts/userstyles.schema.json": "b7189a6efb6d343418f00f401d7e0966a04f508269d7c4194f57b6300aab0bd3"
  },
  "workspace": {
    "dependencies": [
      "jsr:@std/path@^1.0.8",
      "npm:type-fest@4.37.0"
    ]
  }
}
